
Microsoft Visual Studio Solution File, Format Version 12.00
# Visual Studio 15
VisualStudioVersion = 15.0.27703.2000
MinimumVisualStudioVersion = 10.0.40219.1
Project("{FAE04EC0-301F-11D3-BF4B-00C04F79EFBC}") = "MedicalOrganization", "MedOrganization\MedicalOrganization.csproj", "{34B6F9EF-9542-41B9-89BC-47E45DAEB8DE}"
EndProject
Global
	GlobalSection(SolutionConfigurationPlatforms) = preSolution
		Debug|Any CPU = Debug|Any CPU
		Release|Any CPU = Release|Any CPU
	EndGlobalSection
	GlobalSection(ProjectConfigurationPlatforms) = postSolution
		{34B6F9EF-9542-41B9-89BC-47E45DAEB8DE}.Debug|Any CPU.ActiveCfg = Debug|Any CPU
		{34B6F9EF-9542-41B9-89BC-47E45DAEB8DE}.Debug|Any CPU.Build.0 = Debug|Any CPU
		{34B6F9EF-9542-41B9-89BC-47E45DAEB8DE}.Release|Any CPU.ActiveCfg = Release|Any CPU
		{34B6F9EF-9542-41B9-89BC-47E45DAEB8DE}.Release|Any CPU.Build.0 = Release|Any CPU
	EndGlobalSection
	GlobalSection(SolutionProperties) = preSolution
		HideSolutionNode = FALSE
	EndGlobalSection
	GlobalSection(ExtensibilityGlobals) = postSolution
		SolutionGuid = {7DA0DE3E-5F3D-4BDD-9FF3-220C2DF0FA74}
	EndGlobalSection
EndGlobal
